
Microsoft Visual Studio Solution File, Format Version 12.00
# Visual Studio Version 17
VisualStudioVersion = 17.0.31912.275
MinimumVisualStudioVersion = 10.0.40219.1
Project("{9A19103F-16F7-4668-BE54-9A1E7A4F7556}") = "Frontend", "Frontend\Frontend.csproj", "{0892D42E-5DAE-411F-864E-729B0332A680}"
EndProject
Project("{9A19103F-16F7-4668-BE54-9A1E7A4F7556}") = "Backend", "Backend\Backend.csproj", "{AA1FDBE2-E2DD-4357-A56C-6F99A6F6DB6F}"
EndProject
Project("{FAE04EC0-301F-11D3-BF4B-00C04F79EFBC}") = "Shared", "Shared\Shared.csproj", "{8BF4960C-D162-41C0-95A9-1F0E1D408153}"
EndProject
Global
	GlobalSection(SolutionConfigurationPlatforms) = preSolution
		Debug|Any CPU = Debug|Any CPU
		Release|Any CPU = Release|Any CPU
	EndGlobalSection
	GlobalSection(ProjectConfigurationPlatforms) = postSolution
		{0892D42E-5DAE-411F-864E-729B0332A680}.Debug|Any CPU.ActiveCfg = Debug|Any CPU
		{0892D42E-5DAE-411F-864E-729B0332A680}.Debug|Any CPU.Build.0 = Debug|Any CPU
		{0892D42E-5DAE-411F-864E-729B0332A680}.Release|Any CPU.ActiveCfg = Release|Any CPU
		{0892D42E-5DAE-411F-864E-729B0332A680}.Release|Any CPU.Build.0 = Release|Any CPU
		{AA1FDBE2-E2DD-4357-A56C-6F99A6F6DB6F}.Debug|Any CPU.ActiveCfg = Debug|Any CPU
		{AA1FDBE2-E2DD-4357-A56C-6F99A6F6DB6F}.Debug|Any CPU.Build.0 = Debug|Any CPU
		{AA1FDBE2-E2DD-4357-A56C-6F99A6F6DB6F}.Release|Any CPU.ActiveCfg = Release|Any CPU
		{AA1FDBE2-E2DD-4357-A56C-6F99A6F6DB6F}.Release|Any CPU.Build.0 = Release|Any CPU
		{8BF4960C-D162-41C0-95A9-1F0E1D408153}.Debug|Any CPU.ActiveCfg = Debug|Any CPU
		{8BF4960C-D162-41C0-95A9-1F0E1D408153}.Debug|Any CPU.Build.0 = Debug|Any CPU
		{8BF4960C-D162-41C0-95A9-1F0E1D408153}.Release|Any CPU.ActiveCfg = Release|Any CPU
		{8BF4960C-D162-41C0-95A9-1F0E1D408153}.Release|Any CPU.Build.0 = Release|Any CPU
	EndGlobalSection
	GlobalSection(SolutionProperties) = preSolution
		HideSolutionNode = FALSE
	EndGlobalSection
	GlobalSection(ExtensibilityGlobals) = postSolution
		SolutionGuid = {8194F889-3C6B-4CF4-BEF5-621959E3D50F}
	EndGlobalSection
EndGlobal
