
Microsoft Visual Studio Solution File, Format Version 12.00
# Visual Studio Version 17
VisualStudioVersion = 17.0.31912.275
MinimumVisualStudioVersion = 10.0.40219.1
Project("{9A19103F-16F7-4668-BE54-9A1E7A4F7556}") = "Shared", "Shared\Shared.csproj", "{2D67F152-FBD4-41A2-9170-3CF166330770}"
EndProject
Project("{9A19103F-16F7-4668-BE54-9A1E7A4F7556}") = "PrinterJobGenerator", "PrinterJobGenerator\PrinterJobGenerator.csproj", "{14F8EBBA-5C01-437D-A635-1084B0E88B57}"
EndProject
Project("{9A19103F-16F7-4668-BE54-9A1E7A4F7556}") = "PrinterJobHandler", "PrinterJobHandler\PrinterJobHandler.csproj", "{D71449A7-9C3D-4379-8D6E-2FD1C65D65A4}"
EndProject
Global
	GlobalSection(SolutionConfigurationPlatforms) = preSolution
		Debug|Any CPU = Debug|Any CPU
		Release|Any CPU = Release|Any CPU
	EndGlobalSection
	GlobalSection(ProjectConfigurationPlatforms) = postSolution
		{2D67F152-FBD4-41A2-9170-3CF166330770}.Debug|Any CPU.ActiveCfg = Debug|Any CPU
		{2D67F152-FBD4-41A2-9170-3CF166330770}.Debug|Any CPU.Build.0 = Debug|Any CPU
		{2D67F152-FBD4-41A2-9170-3CF166330770}.Release|Any CPU.ActiveCfg = Release|Any CPU
		{2D67F152-FBD4-41A2-9170-3CF166330770}.Release|Any CPU.Build.0 = Release|Any CPU
		{14F8EBBA-5C01-437D-A635-1084B0E88B57}.Debug|Any CPU.ActiveCfg = Debug|Any CPU
		{14F8EBBA-5C01-437D-A635-1084B0E88B57}.Debug|Any CPU.Build.0 = Debug|Any CPU
		{14F8EBBA-5C01-437D-A635-1084B0E88B57}.Release|Any CPU.ActiveCfg = Release|Any CPU
		{14F8EBBA-5C01-437D-A635-1084B0E88B57}.Release|Any CPU.Build.0 = Release|Any CPU
		{D71449A7-9C3D-4379-8D6E-2FD1C65D65A4}.Debug|Any CPU.ActiveCfg = Debug|Any CPU
		{D71449A7-9C3D-4379-8D6E-2FD1C65D65A4}.Debug|Any CPU.Build.0 = Debug|Any CPU
		{D71449A7-9C3D-4379-8D6E-2FD1C65D65A4}.Release|Any CPU.ActiveCfg = Release|Any CPU
		{D71449A7-9C3D-4379-8D6E-2FD1C65D65A4}.Release|Any CPU.Build.0 = Release|Any CPU
	EndGlobalSection
	GlobalSection(SolutionProperties) = preSolution
		HideSolutionNode = FALSE
	EndGlobalSection
	GlobalSection(ExtensibilityGlobals) = postSolution
		SolutionGuid = {7671FDD0-C734-4845-BC52-512D44FC44B8}
	EndGlobalSection
EndGlobal
