
Microsoft Visual Studio Solution File, Format Version 12.00
# Visual Studio Version 17
VisualStudioVersion = 17.1.31911.260
MinimumVisualStudioVersion = 10.0.40219.1
Project("{9A19103F-16F7-4668-BE54-9A1E7A4F7556}") = "RabbitRPC", "RabbitRPC\RabbitRPC.csproj", "{55F287DA-582D-41C7-AE01-926C33487529}"
EndProject
Project("{9A19103F-16F7-4668-BE54-9A1E7A4F7556}") = "RabbitRPC.Serialization.NewtonsoftJson", "RabbitRPC.Serialization.NewtonsoftJson\RabbitRPC.Serialization.NewtonsoftJson.csproj", "{1FF8E46B-7695-472E-9147-BC39A42B0F2A}"
EndProject
Project("{9A19103F-16F7-4668-BE54-9A1E7A4F7556}") = "RabbitRPC.Serialization.MessagePack", "RabbitRPC.Serialization.MessagePack\RabbitRPC.Serialization.MessagePack.csproj", "{956FC07D-55B3-4788-9C0A-4800A7751C91}"
EndProject
Project("{FAE04EC0-301F-11D3-BF4B-00C04F79EFBC}") = "RabbitRPC.States.EntityFrameworkCore", "RabbitRPC.States.EntityFrameworkCore\RabbitRPC.States.EntityFrameworkCore.csproj", "{3311E060-BD4F-41C1-9099-56B421ECAB42}"
EndProject
Global
	GlobalSection(SolutionConfigurationPlatforms) = preSolution
		Debug|Any CPU = Debug|Any CPU
		Release|Any CPU = Release|Any CPU
	EndGlobalSection
	GlobalSection(ProjectConfigurationPlatforms) = postSolution
		{55F287DA-582D-41C7-AE01-926C33487529}.Debug|Any CPU.ActiveCfg = Debug|Any CPU
		{55F287DA-582D-41C7-AE01-926C33487529}.Debug|Any CPU.Build.0 = Debug|Any CPU
		{55F287DA-582D-41C7-AE01-926C33487529}.Release|Any CPU.ActiveCfg = Release|Any CPU
		{55F287DA-582D-41C7-AE01-926C33487529}.Release|Any CPU.Build.0 = Release|Any CPU
		{1FF8E46B-7695-472E-9147-BC39A42B0F2A}.Debug|Any CPU.ActiveCfg = Debug|Any CPU
		{1FF8E46B-7695-472E-9147-BC39A42B0F2A}.Debug|Any CPU.Build.0 = Debug|Any CPU
		{1FF8E46B-7695-472E-9147-BC39A42B0F2A}.Release|Any CPU.ActiveCfg = Release|Any CPU
		{1FF8E46B-7695-472E-9147-BC39A42B0F2A}.Release|Any CPU.Build.0 = Release|Any CPU
		{956FC07D-55B3-4788-9C0A-4800A7751C91}.Debug|Any CPU.ActiveCfg = Debug|Any CPU
		{956FC07D-55B3-4788-9C0A-4800A7751C91}.Debug|Any CPU.Build.0 = Debug|Any CPU
		{956FC07D-55B3-4788-9C0A-4800A7751C91}.Release|Any CPU.ActiveCfg = Release|Any CPU
		{956FC07D-55B3-4788-9C0A-4800A7751C91}.Release|Any CPU.Build.0 = Release|Any CPU
		{3311E060-BD4F-41C1-9099-56B421ECAB42}.Debug|Any CPU.ActiveCfg = Debug|Any CPU
		{3311E060-BD4F-41C1-9099-56B421ECAB42}.Debug|Any CPU.Build.0 = Debug|Any CPU
		{3311E060-BD4F-41C1-9099-56B421ECAB42}.Release|Any CPU.ActiveCfg = Release|Any CPU
		{3311E060-BD4F-41C1-9099-56B421ECAB42}.Release|Any CPU.Build.0 = Release|Any CPU
	EndGlobalSection
	GlobalSection(SolutionProperties) = preSolution
		HideSolutionNode = FALSE
	EndGlobalSection
	GlobalSection(ExtensibilityGlobals) = postSolution
		SolutionGuid = {656C3E66-9401-42A3-B5AA-0847E4FDD24D}
	EndGlobalSection
EndGlobal
